{
  "name": "readline-benchmark",
  "version": "1.0.0",
  "lockfileVersion": 2,
  "requires": true,
  "packages": {
    "": {
      "name": "readline-benchmark",
      "version": "1.0.0",
      "license": "ISC",
      "dependencies": {
        "augmentative-iterable": "^1.5.0",
        "faster-readline-iterator": "^0.0.3"
      }
    },
    "node_modules/augmentative-iterable": {
      "version": "1.5.0",
      "resolved": "https://registry.npmjs.org/augmentative-iterable/-/augmentative-iterable-1.5.0.tgz",
      "integrity": "sha512-e03lQrf8BMaeFtv6iaW6h+hFwkOjfw2/uULYMJ3xjsuqGtS07QkKW6C4ncDPSiGUhLM5dzl0WK6bFuBLPZgMGg==",
      "engines": {
        "node": ">=10"
      }
    },
    "node_modules/faster-readline-iterator": {
      "version": "0.0.3",
      "resolved": "https://registry.npmjs.org/faster-readline-iterator/-/faster-readline-iterator-0.0.3.tgz",
      "integrity": "sha512-QZ8T98bORopiYx3rrmwjn8CAhMtFLeiUrKwvsSesk0paKR8s28EKJKKwHuaOHHE2+G8l+u7JBFyZuyLC2Cz1mA=="
    }
  },
  "dependencies": {
    "augmentative-iterable": {
      "version": "1.5.0",
      "resolved": "https://registry.npmjs.org/augmentative-iterable/-/augmentative-iterable-1.5.0.tgz",
      "integrity": "sha512-e03lQrf8BMaeFtv6iaW6h+hFwkOjfw2/uULYMJ3xjsuqGtS07QkKW6C4ncDPSiGUhLM5dzl0WK6bFuBLPZgMGg=="
    },
    "faster-readline-iterator": {
      "version": "0.0.3",
      "resolved": "https://registry.npmjs.org/faster-readline-iterator/-/faster-readline-iterator-0.0.3.tgz",
      "integrity": "sha512-QZ8T98bORopiYx3rrmwjn8CAhMtFLeiUrKwvsSesk0paKR8s28EKJKKwHuaOHHE2+G8l+u7JBFyZuyLC2Cz1mA=="
    }
  }
}
